Microsoft Visual Studio Solution File, Format Version 11.00
# Visual Studio 2010
Project("{FAE04EC0-301F-11D3-BF4B-00C04F79EFBC}") = "Vistas", "Vistas\Vistas.csproj", "{B17318EB-8696-4BCD-9E9B-91975C396AA1}"
EndProject
Project("{FAE04EC0-301F-11D3-BF4B-00C04F79EFBC}") = "ClasesBase", "ClasesBase\ClasesBase.csproj", "{53505DE1-FD8C-4377-885B-D50E30516F18}"
EndProject
Global
	GlobalSection(SolutionConfigurationPlatforms) = preSolution
		Debug|Any CPU = Debug|Any CPU
		Debug|x86 = Debug|x86
		Release|Any CPU = Release|Any CPU
		Release|x86 = Release|x86
	EndGlobalSection
	GlobalSection(ProjectConfigurationPlatforms) = postSolution
		{53505DE1-FD8C-4377-885B-D50E30516F18}.Debug|Any CPU.ActiveCfg = Debug|Any CPU
		{53505DE1-FD8C-4377-885B-D50E30516F18}.Debug|Any CPU.Build.0 = Debug|Any CPU
		{53505DE1-FD8C-4377-885B-D50E30516F18}.Debug|x86.ActiveCfg = Debug|Any CPU
		{53505DE1-FD8C-4377-885B-D50E30516F18}.Debug|x86.Build.0 = Debug|Any CPU
		{53505DE1-FD8C-4377-885B-D50E30516F18}.Release|Any CPU.ActiveCfg = Release|Any CPU
		{53505DE1-FD8C-4377-885B-D50E30516F18}.Release|Any CPU.Build.0 = Release|Any CPU
		{53505DE1-FD8C-4377-885B-D50E30516F18}.Release|x86.ActiveCfg = Release|Any CPU
		{53505DE1-FD8C-4377-885B-D50E30516F18}.Release|x86.Build.0 = Release|Any CPU
		{B17318EB-8696-4BCD-9E9B-91975C396AA1}.Debug|Any CPU.ActiveCfg = Debug|Any CPU
		{B17318EB-8696-4BCD-9E9B-91975C396AA1}.Debug|Any CPU.Build.0 = Debug|Any CPU
		{B17318EB-8696-4BCD-9E9B-91975C396AA1}.Debug|x86.ActiveCfg = Debug|Any CPU
		{B17318EB-8696-4BCD-9E9B-91975C396AA1}.Debug|x86.Build.0 = Debug|Any CPU
		{B17318EB-8696-4BCD-9E9B-91975C396AA1}.Release|Any CPU.ActiveCfg = Release|Any CPU
		{B17318EB-8696-4BCD-9E9B-91975C396AA1}.Release|Any CPU.Build.0 = Release|Any CPU
		{B17318EB-8696-4BCD-9E9B-91975C396AA1}.Release|x86.ActiveCfg = Release|Any CPU
		{B17318EB-8696-4BCD-9E9B-91975C396AA1}.Release|x86.Build.0 = Release|Any CPU
	EndGlobalSection
	GlobalSection(SolutionProperties) = preSolution
		HideSolutionNode = FALSE
	EndGlobalSection
EndGlobal
